
Microsoft Visual Studio Solution File, Format Version 12.00
# Visual Studio Version 17
VisualStudioVersion = 17.14.36414.22 d17.14
MinimumVisualStudioVersion = 10.0.40219.1
Project("{FAE04EC0-301F-11D3-BF4B-00C04F79EFBC}") = "NerminAI.API", "NerminAI.API\NerminAI.API.csproj", "{9B6D77F6-45C8-4DD9-B9D7-9B3E59017E5C}"
EndProject
Project("{FAE04EC0-301F-11D3-BF4B-00C04F79EFBC}") = "NerminAI.Application", "NerminAI.Application\NerminAI.Application.csproj", "{6A2FE08B-DE31-451A-826D-669B1A048B51}"
EndProject
Project("{FAE04EC0-301F-11D3-BF4B-00C04F79EFBC}") = "NerminAI.Infrastructure", "NerminAI.Infrastructure\NerminAI.Infrastructure.csproj", "{DDF16CCA-2823-465B-8D7E-64ACDD1892F1}"
EndProject
Project("{FAE04EC0-301F-11D3-BF4B-00C04F79EFBC}") = "NerminAI.Domain", "NerminAI.Domain\NerminAI.Domain.csproj", "{49358DC4-6D94-433D-85F8-9DF4D5DC22E5}"
EndProject
Global
	GlobalSection(SolutionConfigurationPlatforms) = preSolution
		Debug|Any CPU = Debug|Any CPU
		Release|Any CPU = Release|Any CPU
	EndGlobalSection
	GlobalSection(ProjectConfigurationPlatforms) = postSolution
		{9B6D77F6-45C8-4DD9-B9D7-9B3E59017E5C}.Debug|Any CPU.ActiveCfg = Debug|Any CPU
		{9B6D77F6-45C8-4DD9-B9D7-9B3E59017E5C}.Debug|Any CPU.Build.0 = Debug|Any CPU
		{9B6D77F6-45C8-4DD9-B9D7-9B3E59017E5C}.Release|Any CPU.ActiveCfg = Release|Any CPU
		{9B6D77F6-45C8-4DD9-B9D7-9B3E59017E5C}.Release|Any CPU.Build.0 = Release|Any CPU
		{6A2FE08B-DE31-451A-826D-669B1A048B51}.Debug|Any CPU.ActiveCfg = Debug|Any CPU
		{6A2FE08B-DE31-451A-826D-669B1A048B51}.Debug|Any CPU.Build.0 = Debug|Any CPU
		{6A2FE08B-DE31-451A-826D-669B1A048B51}.Release|Any CPU.ActiveCfg = Release|Any CPU
		{6A2FE08B-DE31-451A-826D-669B1A048B51}.Release|Any CPU.Build.0 = Release|Any CPU
		{DDF16CCA-2823-465B-8D7E-64ACDD1892F1}.Debug|Any CPU.ActiveCfg = Debug|Any CPU
		{DDF16CCA-2823-465B-8D7E-64ACDD1892F1}.Debug|Any CPU.Build.0 = Debug|Any CPU
		{DDF16CCA-2823-465B-8D7E-64ACDD1892F1}.Release|Any CPU.ActiveCfg = Release|Any CPU
		{DDF16CCA-2823-465B-8D7E-64ACDD1892F1}.Release|Any CPU.Build.0 = Release|Any CPU
		{49358DC4-6D94-433D-85F8-9DF4D5DC22E5}.Debug|Any CPU.ActiveCfg = Debug|Any CPU
		{49358DC4-6D94-433D-85F8-9DF4D5DC22E5}.Debug|Any CPU.Build.0 = Debug|Any CPU
		{49358DC4-6D94-433D-85F8-9DF4D5DC22E5}.Release|Any CPU.ActiveCfg = Release|Any CPU
		{49358DC4-6D94-433D-85F8-9DF4D5DC22E5}.Release|Any CPU.Build.0 = Release|Any CPU
	EndGlobalSection
	GlobalSection(SolutionProperties) = preSolution
		HideSolutionNode = FALSE
	EndGlobalSection
	GlobalSection(ExtensibilityGlobals) = postSolution
		SolutionGuid = {8823A2E5-5DAF-4A55-92BF-55827BB5136F}
	EndGlobalSection
EndGlobal
